
Microsoft Visual Studio Solution File, Format Version 12.00
# Visual Studio Version 17
VisualStudioVersion = 17.11.35303.130
MinimumVisualStudioVersion = 10.0.40219.1
Project("{8BC9CEB8-8B4A-11D0-8D11-00A0C91BC942}") = "5.2", "5.2.vcxproj", "{CD6750D6-A41F-4FF6-B497-D9707A3C3228}"
EndProject
Global
	GlobalSection(SolutionConfigurationPlatforms) = preSolution
		Debug|x64 = Debug|x64
		Debug|x86 = Debug|x86
		Release|x64 = Release|x64
		Release|x86 = Release|x86
	EndGlobalSection
	GlobalSection(ProjectConfigurationPlatforms) = postSolution
		{CD6750D6-A41F-4FF6-B497-D9707A3C3228}.Debug|x64.ActiveCfg = Debug|x64
		{CD6750D6-A41F-4FF6-B497-D9707A3C3228}.Debug|x64.Build.0 = Debug|x64
		{CD6750D6-A41F-4FF6-B497-D9707A3C3228}.Debug|x86.ActiveCfg = Debug|Win32
		{CD6750D6-A41F-4FF6-B497-D9707A3C3228}.Debug|x86.Build.0 = Debug|Win32
		{CD6750D6-A41F-4FF6-B497-D9707A3C3228}.Release|x64.ActiveCfg = Release|x64
		{CD6750D6-A41F-4FF6-B497-D9707A3C3228}.Release|x64.Build.0 = Release|x64
		{CD6750D6-A41F-4FF6-B497-D9707A3C3228}.Release|x86.ActiveCfg = Release|Win32
		{CD6750D6-A41F-4FF6-B497-D9707A3C3228}.Release|x86.Build.0 = Release|Win32
	EndGlobalSection
	GlobalSection(SolutionProperties) = preSolution
		HideSolutionNode = FALSE
	EndGlobalSection
	GlobalSection(ExtensibilityGlobals) = postSolution
		SolutionGuid = {8B0C9465-A856-4C85-9A08-F643AD3FFE5B}
	EndGlobalSection
EndGlobal
